FORGE
  remote: http://forge.puppetlabs.com/
  specs:
    puppetlabs/stdlib (3.2.0)

GIT
  remote: git://github.com/alphagov/puppet-dnsmasq.git
  ref: anchor_reload_and_resolvconf
  sha: f2df3a51911572f6ca1a96990578b6341c4d5ce0
  specs:
    dnsmasq (1.0.1)
      puppetlabs/stdlib (~> 3)

GIT
  remote: git://github.com/alphagov/puppet-gds_dns.git
  ref: master
  sha: 3520bbb1d502d23e5c6d3ee7f950b645dc2bc3a5
  specs:
    gds_dns (0.0.1)

GIT
  remote: git://github.com/alphagov/puppet-hosts.git
  ref: master
  sha: 7a1c4ed93e10287374643234bc86b0b2a2903a32
  specs:
    hosts (0.0.1)

GIT
  remote: git://github.com/alphagov/puppet-resolvconf.git
  ref: master
  sha: 3c54cf2c1f859252945945191e1a60ba367a1283
  specs:
    resolvconf (0.0.1)

DEPENDENCIES
  dnsmasq (>= 0)
  gds_dns (>= 0)
  hosts (>= 0)
  puppetlabs/stdlib (~> 3.0)
  resolvconf (>= 0)

